// !$*UTF8*$!
{
	archiveVersion = 1;
	classes = {
	};
	objectVersion = 56;
	objects = {

/* Begin PBXBuildFile section */
		637C052029BFD57700F430ED /* AppDelegate.swift in Sources */ = {isa = PBXBuildFile; fileRef = 637C051F29BFD57700F430ED /* AppDelegate.swift */; };
		637C052229BFD57700F430ED /* SceneDelegate.swift in Sources */ = {isa = PBXBuildFile; fileRef = 637C052129BFD57700F430ED /* SceneDelegate.swift */; };
		637C052429BFD57700F430ED /* ViewController.swift in Sources */ = {isa = PBXBuildFile; fileRef = 637C052329BFD57700F430ED /* ViewController.swift */; };
		637C052729BFD57700F430ED /* Main.storyboard in Resources */ = {isa = PBXBuildFile; fileRef = 637C052529BFD57700F430ED /* Main.storyboard */; };
		637C052929BFD57700F430ED /* Assets.xcassets in Resources */ = {isa = PBXBuildFile; fileRef = 637C052829BFD57700F430ED /* Assets.xcassets */; };
		637C052C29BFD57700F430ED /* LaunchScreen.storyboard in Resources */ = {isa = PBXBuildFile; fileRef = 637C052A29BFD57700F430ED /* LaunchScreen.storyboard */; };
		637C053729BFD57700F430ED /* sTests.swift in Sources */ = {isa = PBXBuildFile; fileRef = 637C053629BFD57700F430ED /* sTests.swift */; };
		637C054129BFD57700F430ED /* sUITests.swift in Sources */ = {isa = PBXBuildFile; fileRef = 637C054029BFD57700F430ED /* sUITests.swift */; };
		637C054329BFD57700F430ED /* sUITestsLaunchTests.swift in Sources */ = {isa = PBXBuildFile; fileRef = 637C054229BFD57700F430ED /* sUITestsLaunchTests.swift */; };
/* End PBXBuildFile section */

/* Begin PBXContainerItemProxy section */
		637C053329BFD57700F430ED /* PBXContainerItemProxy */ = {
			isa = PBXContainerItemProxy;
			containerPortal = 637C051429BFD57600F430ED /* Project object */;
			proxyType = 1;
			remoteGlobalIDString = 637C051B29BFD57700F430ED;
			remoteInfo = s;
		};
		637C053D29BFD57700F430ED /* PBXContainerItemProxy */ = {
			isa = PBXContainerItemProxy;
			containerPortal = 637C051429BFD57600F430ED /* Project object */;
			proxyType = 1;
			remoteGlobalIDString = 637C051B29BFD57700F430ED;
			remoteInfo = s;
		};
/* End PBXContainerItemProxy section */

/* Begin PBXFileReference section */
		637C051C29BFD57700F430ED /* s.app */ = {isa = PBXFileReference; explicitFileType = wrapper.application; includeInIndex = 0; path = s.app; sourceTree = BUILT_PRODUCTS_DIR; };
		637C051F29BFD57700F430ED /* AppDelegate.swift */ = {isa = PBXFileReference; lastKnownFileType = sourcecode.swift; path = AppDelegate.swift; sourceTree = "<group>"; };
		637C052129BFD57700F430ED /* SceneDelegate.swift */ = {isa = PBXFileReference; lastKnownFileType = sourcecode.swift; path = SceneDelegate.swift; sourceTree = "<group>"; };
		637C052329BFD57700F430ED /* ViewController.swift */ = {isa = PBXFileReference; lastKnownFileType = sourcecode.swift; path = ViewController.swift; sourceTree = "<group>"; };
		637C052629BFD57700F430ED /* Base */ = {isa = PBXFileReference; lastKnownFileType = file.storyboard; name = Base; path = Base.lproj/Main.storyboard; sourceTree = "<group>"; };
		637C052829BFD57700F430ED /* Assets.xcassets */ = {isa = PBXFileReference; lastKnownFileType = folder.assetcatalog; path = Assets.xcassets; sourceTree = "<group>"; };
		637C052B29BFD57700F430ED /* Base */ = {isa = PBXFileReference; lastKnownFileType = file.storyboard; name = Base; path = Base.lproj/LaunchScreen.storyboard; sourceTree = "<group>"; };
		637C052D29BFD57700F430ED /* Info.plist */ = {isa = PBXFileReference; lastKnownFileType = text.plist.xml; path = Info.plist; sourceTree = "<group>"; };
		637C053229BFD57700F430ED /* sTests.xctest */ = {isa = PBXFileReference; explicitFileType = wrapper.cfbundle; includeInIndex = 0; path = sTests.xctest; sourceTree = BUILT_PRODUCTS_DIR; };
		637C053629BFD57700F430ED /* sTests.swift */ = {isa = PBXFileReference; lastKnownFileType = sourcecode.swift; path = sTests.swift; sourceTree = "<group>"; };
		637C053C29BFD57700F430ED /* sUITests.xctest */ = {isa = PBXFileReference; explicitFileType = wrapper.cfbundle; includeInIndex = 0; path = sUITests.xctest; sourceTree = BUILT_PRODUCTS_DIR; };
		637C054029BFD57700F430ED /* sUITests.swift */ = {isa = PBXFileReference; lastKnownFileType = sourcecode.swift; path = sUITests.swift; sourceTree = "<group>"; };
		637C054229BFD57700F430ED /* sUITestsLaunchTests.swift */ = {isa = PBXFileReference; lastKnownFileType = sourcecode.swift; path = sUITestsLaunchTests.swift; sourceTree = "<group>"; };
/* End PBXFileReference section */

/* Begin PBXFrameworksBuildPhase section */
		637C051929BFD57700F430ED /* Frameworks */ = {
			isa = PBXFrameworksBuildPhase;
			buildActionMask = 2147483647;
			files = (
			);
			runOnlyForDeploymentPostprocessing = 0;
		};
		637C052F29BFD57700F430ED /* Frameworks */ = {
			isa = PBXFrameworksBuildPhase;
			buildActionMask = 2147483647;
			files = (
			);
			runOnlyForDeploymentPostprocessing = 0;
		};
		637C053929BFD57700F430ED /* Frameworks */ = {
			isa = PBXFrameworksBuildPhase;
			buildActionMask = 2147483647;
			files = (
			);
			runOnlyForDeploymentPostprocessing = 0;
		};
/* End PBXFrameworksBuildPhase section */

/* Begin PBXGroup section */
		637C051329BFD57600F430ED = {
			isa = PBXGroup;
			children = (
				637C051E29BFD57700F430ED /* s */,
				637C053529BFD57700F430ED /* sTests */,
				637C053F29BFD57700F430ED /* sUITests */,
				637C051D29BFD57700F430ED /* Products */,
			);
			sourceTree = "<group>";
		};
		637C051D29BFD57700F430ED /* Products */ = {
			isa = PBXGroup;
			children = (
				637C051C29BFD57700F430ED /* s.app */,
				637C053229BFD57700F430ED /* sTests.xctest */,
				637C053C29BFD57700F430ED /* sUITests.xctest */,
			);
			name = Products;
			sourceTree = "<group>";
		};
		637C051E29BFD57700F430ED /* s */ = {
			isa = PBXGroup;
			children = (
				637C051F29BFD57700F430ED /* AppDelegate.swift */,
				637C052129BFD57700F430ED /* SceneDelegate.swift */,
				637C052329BFD57700F430ED /* ViewController.swift */,
				637C052529BFD57700F430ED /* Main.storyboard */,
				637C052829BFD57700F430ED /* Assets.xcassets */,
				637C052A29BFD57700F430ED /* LaunchScreen.storyboard */,
				637C052D29BFD57700F430ED /* Info.plist */,
			);
			path = s;
			sourceTree = "<group>";
		};
		637C053529BFD57700F430ED /* sTests */ = {
			isa = PBXGroup;
			children = (
				637C053629BFD57700F430ED /* sTests.swift */,
			);
			path = sTests;
			sourceTree = "<group>";
		};
		637C053F29BFD57700F430ED /* sUITests */ = {
			isa = PBXGroup;
			children = (
				637C054029BFD57700F430ED /* sUITests.swift */,
				637C054229BFD57700F430ED /* sUITestsLaunchTests.swift */,
			);
			path = sUITests;
			sourceTree = "<group>";
		};
/* End PBXGroup section */

/* Begin PBXNativeTarget section */
		637C051B29BFD57700F430ED /* s */ = {
			isa = PBXNativeTarget;
			buildConfigurationList = 637C054629BFD57700F430ED /* Build configuration list for PBXNativeTarget "s" */;
			buildPhases = (
				637C051829BFD57700F430ED /* Sources */,
				637C051929BFD57700F430ED /* Frameworks */,
				637C051A29BFD57700F430ED /* Resources */,
			);
			buildRules = (
			);
			dependencies = (
			);
			name = s;
			productName = s;
			productReference = 637C051C29BFD57700F430ED /* s.app */;
			productType = "com.apple.product-type.application";
		};
		637C053129BFD57700F430ED /* sTests */ = {
			isa = PBXNativeTarget;
			buildConfigurationList = 637C054929BFD57700F430ED /* Build configuration list for PBXNativeTarget "sTests" */;
			buildPhases = (
				637C052E29BFD57700F430ED /* Sources */,
				637C052F29BFD57700F430ED /* Frameworks */,
				637C053029BFD57700F430ED /* Resources */,
			);
			buildRules = (
			);
			dependencies = (
				637C053429BFD57700F430ED /* PBXTargetDependency */,
			);
			name = sTests;
			productName = sTests;
			productReference = 637C053229BFD57700F430ED /* sTests.xctest */;
			productType = "com.apple.product-type.bundle.unit-test";
		};
		637C053B29BFD57700F430ED /* sUITests */ = {
			isa = PBXNativeTarget;
			buildConfigurationList = 637C054C29BFD57700F430ED /* Build configuration list for PBXNativeTarget "sUITests" */;
			buildPhases = (
				637C053829BFD57700F430ED /* Sources */,
				637C053929BFD57700F430ED /* Frameworks */,
				637C053A29BFD57700F430ED /* Resources */,
			);
			buildRules = (
			);
			dependencies = (
				637C053E29BFD57700F430ED /* PBXTargetDependency */,
			);
			name = sUITests;
			productName = sUITests;
			productReference = 637C053C29BFD57700F430ED /* sUITests.xctest */;
			productType = "com.apple.product-type.bundle.ui-testing";
		};
/* End PBXNativeTarget section */

/* Begin PBXProject section */
		637C051429BFD57600F430ED /* Project object */ = {
			isa = PBXProject;
			attributes = {
				BuildIndependentTargetsInParallel = 1;
				LastSwiftUpdateCheck = 1420;
				LastUpgradeCheck = 1420;
				TargetAttributes = {
					637C051B29BFD57700F430ED = {
						CreatedOnToolsVersion = 14.2;
					};
					637C053129BFD57700F430ED = {
						CreatedOnToolsVersion = 14.2;
						TestTargetID = 637C051B29BFD57700F430ED;
					};
					637C053B29BFD57700F430ED = {
						CreatedOnToolsVersion = 14.2;
						TestTargetID = 637C051B29BFD57700F430ED;
					};
				};
			};
			buildConfigurationList = 637C051729BFD57600F430ED /* Build configuration list for PBXProject "s" */;
			compatibilityVersion = "Xcode 14.0";
			developmentRegion = en;
			hasScannedForEncodings = 0;
			knownRegions = (
				en,
				Base,
			);
			mainGroup = 637C051329BFD57600F430ED;
			productRefGroup = 637C051D29BFD57700F430ED /* Products */;
			projectDirPath = "";
			projectRoot = "";
			targets = (
				637C051B29BFD57700F430ED /* s */,
				637C053129BFD57700F430ED /* sTests */,
				637C053B29BFD57700F430ED /* sUITests */,
			);
		};
/* End PBXProject section */

/* Begin PBXResourcesBuildPhase section */
		637C051A29BFD57700F430ED /* Resources */ = {
			isa = PBXResourcesBuildPhase;
			buildActionMask = 2147483647;
			files = (
				637C052C29BFD57700F430ED /* LaunchScreen.storyboard in Resources */,
				637C052929BFD57700F430ED /* Assets.xcassets in Resources */,
				637C052729BFD57700F430ED /* Main.storyboard in Resources */,
			);
			runOnlyForDeploymentPostprocessing = 0;
		};
		637C053029BFD57700F430ED /* Resources */ = {
			isa = PBXResourcesBuildPhase;
			buildActionMask = 2147483647;
			files = (
			);
			runOnlyForDeploymentPostprocessing = 0;
		};
		637C053A29BFD57700F430ED /* Resources */ = {
			isa = PBXResourcesBuildPhase;
			buildActionMask = 2147483647;
			files = (
			);
			runOnlyForDeploymentPostprocessing = 0;
		};
/* End PBXResourcesBuildPhase section */

/* Begin PBXSourcesBuildPhase section */
		637C051829BFD57700F430ED /* Sources */ = {
			isa = PBXSourcesBuildPhase;
			buildActionMask = 2147483647;
			files = (
				637C052429BFD57700F430ED /* ViewController.swift in Sources */,
				637C052029BFD57700F430ED /* AppDelegate.swift in Sources */,
				637C052229BFD57700F430ED /* SceneDelegate.swift in Sources */,
			);
			runOnlyForDeploymentPostprocessing = 0;
		};
		637C052E29BFD57700F430ED /* Sources */ = {
			isa = PBXSourcesBuildPhase;
			buildActionMask = 2147483647;
			files = (
				637C053729BFD57700F430ED /* sTests.swift in Sources */,
			);
			runOnlyForDeploymentPostprocessing = 0;
		};
		637C053829BFD57700F430ED /* Sources */ = {
			isa = PBXSourcesBuildPhase;
			buildActionMask = 2147483647;
			files = (
				637C054329BFD57700F430ED /* sUITestsLaunchTests.swift in Sources */,
				637C054129BFD57700F430ED /* sUITests.swift in Sources */,
			);
			runOnlyForDeploymentPostprocessing = 0;
		};
/* End PBXSourcesBuildPhase section */

/* Begin PBXTargetDependency section */
		637C053429BFD57700F430ED /* PBXTargetDependency */ = {
			isa = PBXTargetDependency;
			target = 637C051B29BFD57700F430ED /* s */;
			targetProxy = 637C053329BFD57700F430ED /* PBXContainerItemProxy */;
		};
		637C053E29BFD57700F430ED /* PBXTargetDependency */ = {
			isa = PBXTargetDependency;
			target = 637C051B29BFD57700F430ED /* s */;
			targetProxy = 637C053D29BFD57700F430ED /* PBXContainerItemProxy */;
		};
/* End PBXTargetDependency section */

/* Begin PBXVariantGroup section */
		637C052529BFD57700F430ED /* Main.storyboard */ = {
			isa = PBXVariantGroup;
			children = (
				637C052629BFD57700F430ED /* Base */,
			);
			name = Main.storyboard;
			sourceTree = "<group>";
		};
		637C052A29BFD57700F430ED /* LaunchScreen.storyboard */ = {
			isa = PBXVariantGroup;
			children = (
				637C052B29BFD57700F430ED /* Base */,
			);
			name = LaunchScreen.storyboard;
			sourceTree = "<group>";
		};
/* End PBXVariantGroup section */

/* Begin XCBuildConfiguration section */
		637C054429BFD57700F430ED /* Debug */ = {
			isa = XCBuildConfiguration;
			buildSettings = {
				ALWAYS_SEARCH_USER_PATHS = NO;
				CLANG_ANALYZER_NONNULL = YES;
				CLANG_ANALYZER_NUMBER_OBJECT_CONVERSION = YES_AGGRESSIVE;
				CLANG_CXX_LANGUAGE_STANDARD = "gnu++20";
				CLANG_ENABLE_MODULES = YES;
				CLANG_ENABLE_OBJC_ARC = YES;
				CLANG_ENABLE_OBJC_WEAK = YES;
				CLANG_WARN_BLOCK_CAPTURE_AUTORELEASING = YES;
				CLANG_WARN_BOOL_CONVERSION = YES;
				CLANG_WARN_COMMA = YES;
				CLANG_WARN_CONSTANT_CONVERSION = YES;
				CLANG_WARN_DEPRECATED_OBJC_IMPLEMENTATIONS = YES;
				CLANG_WARN_DIRECT_OBJC_ISA_USAGE = YES_ERROR;
				CLANG_WARN_DOCUMENTATION_COMMENTS = YES;
				CLANG_WARN_EMPTY_BODY = YES;
				CLANG_WARN_ENUM_CONVERSION = YES;
				CLANG_WARN_INFINITE_RECURSION = YES;
				CLANG_WARN_INT_CONVERSION = YES;
				CLANG_WARN_NON_LITERAL_NULL_CONVERSION = YES;
				CLANG_WARN_OBJC_IMPLICIT_RETAIN_SELF = YES;
				CLANG_WARN_OBJC_LITERAL_CONVERSION = YES;
				CLANG_WARN_OBJC_ROOT_CLASS = YES_ERROR;
				CLANG_WARN_QUOTED_INCLUDE_IN_FRAMEWORK_HEADER = YES;
				CLANG_WARN_RANGE_LOOP_ANALYSIS = YES;
				CLANG_WARN_STRICT_PROTOTYPES = YES;
				CLANG_WARN_SUSPICIOUS_MOVE = YES;
				CLANG_WARN_UNGUARDED_AVAILABILITY = YES_AGGRESSIVE;
				CLANG_WARN_UNREACHABLE_CODE = YES;
				CLANG_WARN__DUPLICATE_METHOD_MATCH = YES;
				COPY_PHASE_STRIP = NO;
				DEBUG_INFORMATION_FORMAT = dwarf;
				ENABLE_STRICT_OBJC_MSGSEND = YES;
				ENABLE_TESTABILITY = YES;
				GCC_C_LANGUAGE_STANDARD = gnu11;
				GCC_DYNAMIC_NO_PIC = NO;
				GCC_NO_COMMON_BLOCKS = YES;
				GCC_OPTIMIZATION_LEVEL = 0;
				GCC_PREPROCESSOR_DEFINITIONS = (
					"DEBUG=1",
					"$(inherited)",
				);
				GCC_WARN_64_TO_32_BIT_CONVERSION = YES;
				GCC_WARN_ABOUT_RETURN_TYPE = YES_ERROR;
				GCC_WARN_UNDECLARED_SELECTOR = YES;
				GCC_WARN_UNINITIALIZED_AUTOS = YES_AGGRESSIVE;
				GCC_WARN_UNUSED_FUNCTION = YES;
				GCC_WARN_UNUSED_VARIABLE = YES;
				IPHONEOS_DEPLOYMENT_TARGET = 16.2;
				MTL_ENABLE_DEBUG_INFO = INCLUDE_SOURCE;
				MTL_FAST_MATH = YES;
				ONLY_ACTIVE_ARCH = YES;
				SDKROOT = iphoneos;
				SWIFT_ACTIVE_COMPILATION_CONDITIONS = DEBUG;
				SWIFT_OPTIMIZATION_LEVEL = "-Onone";
			};
			name = Debug;
		};
		637C054529BFD57700F430ED /* Release */ = {
			isa = XCBuildConfiguration;
			buildSettings = {
				ALWAYS_SEARCH_USER_PATHS = NO;
				CLANG_ANALYZER_NONNULL = YES;
				CLANG_ANALYZER_NUMBER_OBJECT_CONVERSION = YES_AGGRESSIVE;
				CLANG_CXX_LANGUAGE_STANDARD = "gnu++20";
				CLANG_ENABLE_MODULES = YES;
				CLANG_ENABLE_OBJC_ARC = YES;
				CLANG_ENABLE_OBJC_WEAK = YES;
				CLANG_WARN_BLOCK_CAPTURE_AUTORELEASING = YES;
				CLANG_WARN_BOOL_CONVERSION = YES;
				CLANG_WARN_COMMA = YES;
				CLANG_WARN_CONSTANT_CONVERSION = YES;
				CLANG_WARN_DEPRECATED_OBJC_IMPLEMENTATIONS = YES;
				CLANG_WARN_DIRECT_OBJC_ISA_USAGE = YES_ERROR;
				CLANG_WARN_DOCUMENTATION_COMMENTS = YES;
				CLANG_WARN_EMPTY_BODY = YES;
				CLANG_WARN_ENUM_CONVERSION = YES;
				CLANG_WARN_INFINITE_RECURSION = YES;
				CLANG_WARN_INT_CONVERSION = YES;
				CLANG_WARN_NON_LITERAL_NULL_CONVERSION = YES;
				CLANG_WARN_OBJC_IMPLICIT_RETAIN_SELF = YES;
				CLANG_WARN_OBJC_LITERAL_CONVERSION = YES;
				CLANG_WARN_OBJC_ROOT_CLASS = YES_ERROR;
				CLANG_WARN_QUOTED_INCLUDE_IN_FRAMEWORK_HEADER = YES;
				CLANG_WARN_RANGE_LOOP_ANALYSIS = YES;
				CLANG_WARN_STRICT_PROTOTYPES = YES;
				CLANG_WARN_SUSPICIOUS_MOVE = YES;
				CLANG_WARN_UNGUARDED_AVAILABILITY = YES_AGGRESSIVE;
				CLANG_WARN_UNREACHABLE_CODE = YES;
				CLANG_WARN__DUPLICATE_METHOD_MATCH = YES;
				COPY_PHASE_STRIP = NO;
				DEBUG_INFORMATION_FORMAT = "dwarf-with-dsym";
				ENABLE_NS_ASSERTIONS = NO;
				ENABLE_STRICT_OBJC_MSGSEND = YES;
				GCC_C_LANGUAGE_STANDARD = gnu11;
				GCC_NO_COMMON_BLOCKS = YES;
				GCC_WARN_64_TO_32_BIT_CONVERSION = YES;
				GCC_WARN_ABOUT_RETURN_TYPE = YES_ERROR;
				GCC_WARN_UNDECLARED_SELECTOR = YES;
				GCC_WARN_UNINITIALIZED_AUTOS = YES_AGGRESSIVE;
				GCC_WARN_UNUSED_FUNCTION = YES;
				GCC_WARN_UNUSED_VARIABLE = YES;
				IPHONEOS_DEPLOYMENT_TARGET = 16.2;
				MTL_ENABLE_DEBUG_INFO = NO;
				MTL_FAST_MATH = YES;
				SDKROOT = iphoneos;
				SWIFT_COMPILATION_MODE = wholemodule;
				SWIFT_OPTIMIZATION_LEVEL = "-O";
				VALIDATE_PRODUCT = YES;
			};
			name = Release;
		};
		637C054729BFD57700F430ED /* Debug */ = {
			isa = XCBuildConfiguration;
			buildSettings = {
				ASSETCATALOG_COMPILER_APPICON_NAME = AppIcon;
				ASSETCATALOG_COMPILER_GLOBAL_ACCENT_COLOR_NAME = AccentColor;
				CODE_SIGN_STYLE = Automatic;
				CURRENT_PROJECT_VERSION = 1;
				GENERATE_INFOPLIST_FILE = YES;
				INFOPLIST_FILE = s/Info.plist;
				INFOPLIST_KEY_UIApplicationSupportsIndirectInputEvents = YES;
				INFOPLIST_KEY_UILaunchStoryboardName = LaunchScreen;
				INFOPLIST_KEY_UIMainStoryboardFile = Main;
				INFOPLIST_KEY_UISupportedInterfaceOrientations_iPad = "UIInterfaceOrientationPortrait UIInterfaceOrientationPortraitUpsideDown UIInterfaceOrientationLandscapeLeft UIInterfaceOrientationLandscapeRight";
				INFOPLIST_KEY_UISupportedInterfaceOrientations_iPhone = "UIInterfaceOrientationPortrait UIInterfaceOrientationLandscapeLeft UIInterfaceOrientationLandscapeRight";
				LD_RUNPATH_SEARCH_PATHS = (
					"$(inherited)",
					"@executable_path/Frameworks",
				);
				MARKETING_VERSION = 1.0;
				PRODUCT_BUNDLE_IDENTIFIER = shareeasy.s;
				PRODUCT_NAME = "$(TARGET_NAME)";
				SWIFT_EMIT_LOC_STRINGS = YES;
				SWIFT_VERSION = 5.0;
				TARGETED_DEVICE_FAMILY = "1,2";
			};
			name = Debug;
		};
		637C054829BFD57700F430ED /* Release */ = {
			isa = XCBuildConfiguration;
			buildSettings = {
				ASSETCATALOG_COMPILER_APPICON_NAME = AppIcon;
				ASSETCATALOG_COMPILER_GLOBAL_ACCENT_COLOR_NAME = AccentColor;
				CODE_SIGN_STYLE = Automatic;
				CURRENT_PROJECT_VERSION = 1;
				GENERATE_INFOPLIST_FILE = YES;
				INFOPLIST_FILE = s/Info.plist;
				INFOPLIST_KEY_UIApplicationSupportsIndirectInputEvents = YES;
				INFOPLIST_KEY_UILaunchStoryboardName = LaunchScreen;
				INFOPLIST_KEY_UIMainStoryboardFile = Main;
				INFOPLIST_KEY_UISupportedInterfaceOrientations_iPad = "UIInterfaceOrientationPortrait UIInterfaceOrientationPortraitUpsideDown UIInterfaceOrientationLandscapeLeft UIInterfaceOrientationLandscapeRight";
				INFOPLIST_KEY_UISupportedInterfaceOrientations_iPhone = "UIInterfaceOrientationPortrait UIInterfaceOrientationLandscapeLeft UIInterfaceOrientationLandscapeRight";
				LD_RUNPATH_SEARCH_PATHS = (
					"$(inherited)",
					"@executable_path/Frameworks",
				);
				MARKETING_VERSION = 1.0;
				PRODUCT_BUNDLE_IDENTIFIER = shareeasy.s;
				PRODUCT_NAME = "$(TARGET_NAME)";
				SWIFT_EMIT_LOC_STRINGS = YES;
				SWIFT_VERSION = 5.0;
				TARGETED_DEVICE_FAMILY = "1,2";
			};
			name = Release;
		};
		637C054A29BFD57700F430ED /* Debug */ = {
			isa = XCBuildConfiguration;
			buildSettings = {
				ALWAYS_EMBED_SWIFT_STANDARD_LIBRARIES = YES;
				BUNDLE_LOADER = "$(TEST_HOST)";
				CODE_SIGN_STYLE = Automatic;
				CURRENT_PROJECT_VERSION = 1;
				GENERATE_INFOPLIST_FILE = YES;
				IPHONEOS_DEPLOYMENT_TARGET = 16.2;
				MARKETING_VERSION = 1.0;
				PRODUCT_BUNDLE_IDENTIFIER = shareeasy.sTests;
				PRODUCT_NAME = "$(TARGET_NAME)";
				SWIFT_EMIT_LOC_STRINGS = NO;
				SWIFT_VERSION = 5.0;
				TARGETED_DEVICE_FAMILY = "1,2";
				TEST_HOST = "$(BUILT_PRODUCTS_DIR)/s.app/$(BUNDLE_EXECUTABLE_FOLDER_PATH)/s";
			};
			name = Debug;
		};
		637C054B29BFD57700F430ED /* Release */ = {
			isa = XCBuildConfiguration;
			buildSettings = {
				ALWAYS_EMBED_SWIFT_STANDARD_LIBRARIES = YES;
				BUNDLE_LOADER = "$(TEST_HOST)";
				CODE_SIGN_STYLE = Automatic;
				CURRENT_PROJECT_VERSION = 1;
				GENERATE_INFOPLIST_FILE = YES;
				IPHONEOS_DEPLOYMENT_TARGET = 16.2;
				MARKETING_VERSION = 1.0;
				PRODUCT_BUNDLE_IDENTIFIER = shareeasy.sTests;
				PRODUCT_NAME = "$(TARGET_NAME)";
				SWIFT_EMIT_LOC_STRINGS = NO;
				SWIFT_VERSION = 5.0;
				TARGETED_DEVICE_FAMILY = "1,2";
				TEST_HOST = "$(BUILT_PRODUCTS_DIR)/s.app/$(BUNDLE_EXECUTABLE_FOLDER_PATH)/s";
			};
			name = Release;
		};
		637C054D29BFD57700F430ED /* Debug */ = {
			isa = XCBuildConfiguration;
			buildSettings = {
				ALWAYS_EMBED_SWIFT_STANDARD_LIBRARIES = YES;
				CODE_SIGN_STYLE = Automatic;
				CURRENT_PROJECT_VERSION = 1;
				GENERATE_INFOPLIST_FILE = YES;
				MARKETING_VERSION = 1.0;
				PRODUCT_BUNDLE_IDENTIFIER = shareeasy.sUITests;
				PRODUCT_NAME = "$(TARGET_NAME)";
				SWIFT_EMIT_LOC_STRINGS = NO;
				SWIFT_VERSION = 5.0;
				TARGETED_DEVICE_FAMILY = "1,2";
				TEST_TARGET_NAME = s;
			};
			name = Debug;
		};
		637C054E29BFD57700F430ED /* Release */ = {
			isa = XCBuildConfiguration;
			buildSettings = {
				ALWAYS_EMBED_SWIFT_STANDARD_LIBRARIES = YES;
				CODE_SIGN_STYLE = Automatic;
				CURRENT_PROJECT_VERSION = 1;
				GENERATE_INFOPLIST_FILE = YES;
				MARKETING_VERSION = 1.0;
				PRODUCT_BUNDLE_IDENTIFIER = shareeasy.sUITests;
				PRODUCT_NAME = "$(TARGET_NAME)";
				SWIFT_EMIT_LOC_STRINGS = NO;
				SWIFT_VERSION = 5.0;
				TARGETED_DEVICE_FAMILY = "1,2";
				TEST_TARGET_NAME = s;
			};
			name = Release;
		};
/* End XCBuildConfiguration section */

/* Begin XCConfigurationList section */
		637C051729BFD57600F430ED /* Build configuration list for PBXProject "s" */ = {
			isa = XCConfigurationList;
			buildConfigurations = (
				637C054429BFD57700F430ED /* Debug */,
				637C054529BFD57700F430ED /* Release */,
			);
			defaultConfigurationIsVisible = 0;
			defaultConfigurationName = Release;
		};
		637C054629BFD57700F430ED /* Build configuration list for PBXNativeTarget "s" */ = {
			isa = XCConfigurationList;
			buildConfigurations = (
				637C054729BFD57700F430ED /* Debug */,
				637C054829BFD57700F430ED /* Release */,
			);
			defaultConfigurationIsVisible = 0;
			defaultConfigurationName = Release;
		};
		637C054929BFD57700F430ED /* Build configuration list for PBXNativeTarget "sTests" */ = {
			isa = XCConfigurationList;
			buildConfigurations = (
				637C054A29BFD57700F430ED /* Debug */,
				637C054B29BFD57700F430ED /* Release */,
			);
			defaultConfigurationIsVisible = 0;
			defaultConfigurationName = Release;
		};
		637C054C29BFD57700F430ED /* Build configuration list for PBXNativeTarget "sUITests" */ = {
			isa = XCConfigurationList;
			buildConfigurations = (
				637C054D29BFD57700F430ED /* Debug */,
				637C054E29BFD57700F430ED /* Release */,
			);
			defaultConfigurationIsVisible = 0;
			defaultConfigurationName = Release;
		};
/* End XCConfigurationList section */
	};
	rootObject = 637C051429BFD57600F430ED /* Project object */;
}
